
Microsoft Visual Studio Solution File, Format Version 12.00
# Visual Studio Version 17
VisualStudioVersion = 17.5.33424.131
MinimumVisualStudioVersion = 10.0.40219.1
Project("{FAE04EC0-301F-11D3-BF4B-00C04F79EFBC}") = "ProyectoBelcane", "ProyectoBelcane\ProyectoBelcane.csproj", "{790AFFB3-410D-4B7D-B0BB-B13EBEF94AED}"
EndProject
Global
	GlobalSection(SolutionConfigurationPlatforms) = preSolution
		Debug|Any CPU = Debug|Any CPU
		Release|Any CPU = Release|Any CPU
	EndGlobalSection
	GlobalSection(ProjectConfigurationPlatforms) = postSolution
		{790AFFB3-410D-4B7D-B0BB-B13EBEF94AED}.Debug|Any CPU.ActiveCfg = Debug|Any CPU
		{790AFFB3-410D-4B7D-B0BB-B13EBEF94AED}.Debug|Any CPU.Build.0 = Debug|Any CPU
		{790AFFB3-410D-4B7D-B0BB-B13EBEF94AED}.Release|Any CPU.ActiveCfg = Release|Any CPU
		{790AFFB3-410D-4B7D-B0BB-B13EBEF94AED}.Release|Any CPU.Build.0 = Release|Any CPU
	EndGlobalSection
	GlobalSection(SolutionProperties) = preSolution
		HideSolutionNode = FALSE
	EndGlobalSection
	GlobalSection(ExtensibilityGlobals) = postSolution
		SolutionGuid = {969442E2-2AAE-406B-9C7B-46B29CB4F47A}
	EndGlobalSection
EndGlobal
